
Microsoft Visual Studio Solution File, Format Version 12.00
# Visual Studio Version 17
VisualStudioVersion = 17.14.36408.4 d17.14
MinimumVisualStudioVersion = 10.0.40219.1
Project("{FAE04EC0-301F-11D3-BF4B-00C04F79EFBC}") = "TPWinForm_equipo-22A", "TPWinForm_equipo-22A.csproj", "{B1653C1E-9C42-4BD5-8E9B-01C06977BD6E}"
EndProject
Global
	GlobalSection(SolutionConfigurationPlatforms) = preSolution
		Debug|Any CPU = Debug|Any CPU
		Release|Any CPU = Release|Any CPU
	EndGlobalSection
	GlobalSection(ProjectConfigurationPlatforms) = postSolution
		{B1653C1E-9C42-4BD5-8E9B-01C06977BD6E}.Debug|Any CPU.ActiveCfg = Debug|Any CPU
		{B1653C1E-9C42-4BD5-8E9B-01C06977BD6E}.Debug|Any CPU.Build.0 = Debug|Any CPU
		{B1653C1E-9C42-4BD5-8E9B-01C06977BD6E}.Release|Any CPU.ActiveCfg = Release|Any CPU
		{B1653C1E-9C42-4BD5-8E9B-01C06977BD6E}.Release|Any CPU.Build.0 = Release|Any CPU
	EndGlobalSection
	GlobalSection(SolutionProperties) = preSolution
		HideSolutionNode = FALSE
	EndGlobalSection
	GlobalSection(ExtensibilityGlobals) = postSolution
		SolutionGuid = {16900EFB-F71B-451D-814B-A2118176C037}
	EndGlobalSection
EndGlobal
